<?xml version="1.0" encoding="utf-8"?>
<Project ToolsVersion="16.0" xmlns="http://schemas.microsoft.com/developer/msbuild/2003">
  <ItemGroup>
    <CustomBuild Include="C:\Users\Leonard\code\loadable_1\CMakeFiles\c9e03fb29eb0a15d5e5e1344c7d065b0\INSTALL_force.rule">
      <Filter>CMake Rules</Filter>
    </CustomBuild>
  </ItemGroup>
  <ItemGroup>
    <Filter Include="CMake Rules">
      <UniqueIdentifier>{FCA3EFBF-C0ED-3D48-B815-A4E1240DD40A}</UniqueIdentifier>
    </Filter>
  </ItemGroup>
</Project>
