
Microsoft Visual Studio Solution File, Format Version 12.00
# Visual Studio Version 16
Project("{8BC9CEB8-8B4A-11D0-8D11-00A0C91BC942}") = "ALL_BUILD", "ALL_BUILD.vcxproj", "{B41C9076-2542-3FD2-9EFF-6FCD790C9934}"
	ProjectSection(ProjectDependencies) = postProject
		{215E29D3-05D5-30C5-817E-A6A4162FA3C6} = {215E29D3-05D5-30C5-817E-A6A4162FA3C6}
		{02BE791E-9A90-3AD8-8074-8A118771E2DF} = {02BE791E-9A90-3AD8-8074-8A118771E2DF}
		{8DA7EE1F-B6FA-3172-9987-93A990257F5E} = {8DA7EE1F-B6FA-3172-9987-93A990257F5E}
	EndProjectSection
EndProject
Project("{8BC9CEB8-8B4A-11D0-8D11-00A0C91BC942}") = "INSTALL", "INSTALL.vcxproj", "{7CB922B4-97B6-3B58-A189-B90F7E74808B}"
	ProjectSection(ProjectDependencies) = postProject
		{B41C9076-2542-3FD2-9EFF-6FCD790C9934} = {B41C9076-2542-3FD2-9EFF-6FCD790C9934}
		{215E29D3-05D5-30C5-817E-A6A4162FA3C6} = {215E29D3-05D5-30C5-817E-A6A4162FA3C6}
	EndProjectSection
EndProject
Project("{8BC9CEB8-8B4A-11D0-8D11-00A0C91BC942}") = "PACKAGE", "PACKAGE.vcxproj", "{B20E6880-6911-3984-AB32-9DDB8C4ED491}"
	ProjectSection(ProjectDependencies) = postProject
		{B41C9076-2542-3FD2-9EFF-6FCD790C9934} = {B41C9076-2542-3FD2-9EFF-6FCD790C9934}
		{215E29D3-05D5-30C5-817E-A6A4162FA3C6} = {215E29D3-05D5-30C5-817E-A6A4162FA3C6}
	EndProjectSection
EndProject
Project("{8BC9CEB8-8B4A-11D0-8D11-00A0C91BC942}") = "RUN_TESTS", "RUN_TESTS.vcxproj", "{7436E09E-16DC-3AB3-9ABA-5B9A36A64F91}"
	ProjectSection(ProjectDependencies) = postProject
		{215E29D3-05D5-30C5-817E-A6A4162FA3C6} = {215E29D3-05D5-30C5-817E-A6A4162FA3C6}
	EndProjectSection
EndProject
Project("{8BC9CEB8-8B4A-11D0-8D11-00A0C91BC942}") = "ZERO_CHECK", "..\..\\ZERO_CHECK.vcxproj", "{215E29D3-05D5-30C5-817E-A6A4162FA3C6}"
	ProjectSection(ProjectDependencies) = postProject
	EndProjectSection
EndProject
Project("{8BC9CEB8-8B4A-11D0-8D11-00A0C91BC942}") = "qSlicerloadable_1ModuleWidgets", "qSlicerloadable_1ModuleWidgets.vcxproj", "{02BE791E-9A90-3AD8-8074-8A118771E2DF}"
	ProjectSection(ProjectDependencies) = postProject
		{215E29D3-05D5-30C5-817E-A6A4162FA3C6} = {215E29D3-05D5-30C5-817E-A6A4162FA3C6}
		{73DCF713-FFAB-3FA1-9CB9-187ACB7D0123} = {73DCF713-FFAB-3FA1-9CB9-187ACB7D0123}
	EndProjectSection
EndProject
Project("{8BC9CEB8-8B4A-11D0-8D11-00A0C91BC942}") = "qSlicerloadable_1ModuleWidgetsPythonQt", "qSlicerloadable_1ModuleWidgetsPythonQt.vcxproj", "{8DA7EE1F-B6FA-3172-9987-93A990257F5E}"
	ProjectSection(ProjectDependencies) = postProject
		{215E29D3-05D5-30C5-817E-A6A4162FA3C6} = {215E29D3-05D5-30C5-817E-A6A4162FA3C6}
		{02BE791E-9A90-3AD8-8074-8A118771E2DF} = {02BE791E-9A90-3AD8-8074-8A118771E2DF}
		{73DCF713-FFAB-3FA1-9CB9-187ACB7D0123} = {73DCF713-FFAB-3FA1-9CB9-187ACB7D0123}
	EndProjectSection
EndProject
Project("{8BC9CEB8-8B4A-11D0-8D11-00A0C91BC942}") = "vtkSlicerloadable_1ModuleLogic", "..\Logic\vtkSlicerloadable_1ModuleLogic.vcxproj", "{73DCF713-FFAB-3FA1-9CB9-187ACB7D0123}"
	ProjectSection(ProjectDependencies) = postProject
		{215E29D3-05D5-30C5-817E-A6A4162FA3C6} = {215E29D3-05D5-30C5-817E-A6A4162FA3C6}
	EndProjectSection
EndProject
Global
	GlobalSection(SolutionConfigurationPlatforms) = preSolution
		Debug|x64 = Debug|x64
		Release|x64 = Release|x64
		MinSizeRel|x64 = MinSizeRel|x64
		RelWithDebInfo|x64 = RelWithDebInfo|x64
	EndGlobalSection
	GlobalSection(ProjectConfigurationPlatforms) = postSolution
		{B41C9076-2542-3FD2-9EFF-6FCD790C9934}.Debug|x64.ActiveCfg = Debug|x64
		{B41C9076-2542-3FD2-9EFF-6FCD790C9934}.Debug|x64.Build.0 = Debug|x64
		{B41C9076-2542-3FD2-9EFF-6FCD790C9934}.Release|x64.ActiveCfg = Release|x64
		{B41C9076-2542-3FD2-9EFF-6FCD790C9934}.Release|x64.Build.0 = Release|x64
		{B41C9076-2542-3FD2-9EFF-6FCD790C9934}.MinSizeRel|x64.ActiveCfg = MinSizeRel|x64
		{B41C9076-2542-3FD2-9EFF-6FCD790C9934}.MinSizeRel|x64.Build.0 = MinSizeRel|x64
		{B41C9076-2542-3FD2-9EFF-6FCD790C9934}.RelWithDebInfo|x64.ActiveCfg = RelWithDebInfo|x64
		{B41C9076-2542-3FD2-9EFF-6FCD790C9934}.RelWithDebInfo|x64.Build.0 = RelWithDebInfo|x64
		{7CB922B4-97B6-3B58-A189-B90F7E74808B}.Debug|x64.ActiveCfg = Debug|x64
		{7CB922B4-97B6-3B58-A189-B90F7E74808B}.Release|x64.ActiveCfg = Release|x64
		{7CB922B4-97B6-3B58-A189-B90F7E74808B}.MinSizeRel|x64.ActiveCfg = MinSizeRel|x64
		{7CB922B4-97B6-3B58-A189-B90F7E74808B}.RelWithDebInfo|x64.ActiveCfg = RelWithDebInfo|x64
		{B20E6880-6911-3984-AB32-9DDB8C4ED491}.Debug|x64.ActiveCfg = Debug|x64
		{B20E6880-6911-3984-AB32-9DDB8C4ED491}.Release|x64.ActiveCfg = Release|x64
		{B20E6880-6911-3984-AB32-9DDB8C4ED491}.MinSizeRel|x64.ActiveCfg = MinSizeRel|x64
		{B20E6880-6911-3984-AB32-9DDB8C4ED491}.RelWithDebInfo|x64.ActiveCfg = RelWithDebInfo|x64
		{7436E09E-16DC-3AB3-9ABA-5B9A36A64F91}.Debug|x64.ActiveCfg = Debug|x64
		{7436E09E-16DC-3AB3-9ABA-5B9A36A64F91}.Release|x64.ActiveCfg = Release|x64
		{7436E09E-16DC-3AB3-9ABA-5B9A36A64F91}.MinSizeRel|x64.ActiveCfg = MinSizeRel|x64
		{7436E09E-16DC-3AB3-9ABA-5B9A36A64F91}.RelWithDebInfo|x64.ActiveCfg = RelWithDebInfo|x64
		{215E29D3-05D5-30C5-817E-A6A4162FA3C6}.Debug|x64.ActiveCfg = Debug|x64
		{215E29D3-05D5-30C5-817E-A6A4162FA3C6}.Debug|x64.Build.0 = Debug|x64
		{215E29D3-05D5-30C5-817E-A6A4162FA3C6}.Release|x64.ActiveCfg = Release|x64
		{215E29D3-05D5-30C5-817E-A6A4162FA3C6}.Release|x64.Build.0 = Release|x64
		{215E29D3-05D5-30C5-817E-A6A4162FA3C6}.MinSizeRel|x64.ActiveCfg = MinSizeRel|x64
		{215E29D3-05D5-30C5-817E-A6A4162FA3C6}.MinSizeRel|x64.Build.0 = MinSizeRel|x64
		{215E29D3-05D5-30C5-817E-A6A4162FA3C6}.RelWithDebInfo|x64.ActiveCfg = RelWithDebInfo|x64
		{215E29D3-05D5-30C5-817E-A6A4162FA3C6}.RelWithDebInfo|x64.Build.0 = RelWithDebInfo|x64
		{02BE791E-9A90-3AD8-8074-8A118771E2DF}.Debug|x64.ActiveCfg = Debug|x64
		{02BE791E-9A90-3AD8-8074-8A118771E2DF}.Debug|x64.Build.0 = Debug|x64
		{02BE791E-9A90-3AD8-8074-8A118771E2DF}.Release|x64.ActiveCfg = Release|x64
		{02BE791E-9A90-3AD8-8074-8A118771E2DF}.Release|x64.Build.0 = Release|x64
		{02BE791E-9A90-3AD8-8074-8A118771E2DF}.MinSizeRel|x64.ActiveCfg = MinSizeRel|x64
		{02BE791E-9A90-3AD8-8074-8A118771E2DF}.MinSizeRel|x64.Build.0 = MinSizeRel|x64
		{02BE791E-9A90-3AD8-8074-8A118771E2DF}.RelWithDebInfo|x64.ActiveCfg = RelWithDebInfo|x64
		{02BE791E-9A90-3AD8-8074-8A118771E2DF}.RelWithDebInfo|x64.Build.0 = RelWithDebInfo|x64
		{8DA7EE1F-B6FA-3172-9987-93A990257F5E}.Debug|x64.ActiveCfg = Debug|x64
		{8DA7EE1F-B6FA-3172-9987-93A990257F5E}.Debug|x64.Build.0 = Debug|x64
		{8DA7EE1F-B6FA-3172-9987-93A990257F5E}.Release|x64.ActiveCfg = Release|x64
		{8DA7EE1F-B6FA-3172-9987-93A990257F5E}.Release|x64.Build.0 = Release|x64
		{8DA7EE1F-B6FA-3172-9987-93A990257F5E}.MinSizeRel|x64.ActiveCfg = MinSizeRel|x64
		{8DA7EE1F-B6FA-3172-9987-93A990257F5E}.MinSizeRel|x64.Build.0 = MinSizeRel|x64
		{8DA7EE1F-B6FA-3172-9987-93A990257F5E}.RelWithDebInfo|x64.ActiveCfg = RelWithDebInfo|x64
		{8DA7EE1F-B6FA-3172-9987-93A990257F5E}.RelWithDebInfo|x64.Build.0 = RelWithDebInfo|x64
		{73DCF713-FFAB-3FA1-9CB9-187ACB7D0123}.Debug|x64.ActiveCfg = Debug|x64
		{73DCF713-FFAB-3FA1-9CB9-187ACB7D0123}.Debug|x64.Build.0 = Debug|x64
		{73DCF713-FFAB-3FA1-9CB9-187ACB7D0123}.Release|x64.ActiveCfg = Release|x64
		{73DCF713-FFAB-3FA1-9CB9-187ACB7D0123}.Release|x64.Build.0 = Release|x64
		{73DCF713-FFAB-3FA1-9CB9-187ACB7D0123}.MinSizeRel|x64.ActiveCfg = MinSizeRel|x64
		{73DCF713-FFAB-3FA1-9CB9-187ACB7D0123}.MinSizeRel|x64.Build.0 = MinSizeRel|x64
		{73DCF713-FFAB-3FA1-9CB9-187ACB7D0123}.RelWithDebInfo|x64.ActiveCfg = RelWithDebInfo|x64
		{73DCF713-FFAB-3FA1-9CB9-187ACB7D0123}.RelWithDebInfo|x64.Build.0 = RelWithDebInfo|x64
	EndGlobalSection
	GlobalSection(ExtensibilityGlobals) = postSolution
		SolutionGuid = {E4B20B48-789D-3185-84C4-771C50E7ECEE}
	EndGlobalSection
	GlobalSection(ExtensibilityAddIns) = postSolution
	EndGlobalSection
EndGlobal
